
Microsoft Visual Studio Solution File, Format Version 12.00
# Visual Studio 14
VisualStudioVersion = 14.0.25123.0
MinimumVisualStudioVersion = 10.0.40219.1
Project("{2150E333-8FDC-42A3-9474-1A3956D46DE8}") = "src", "src", "{8716CA66-C7DF-4840-9522-763A2FFC97B7}"
EndProject
Project("{2150E333-8FDC-42A3-9474-1A3956D46DE8}") = "Solution Items", "Solution Items", "{6303D841-DD88-482B-B1CC-66C0139BD1FC}"
	ProjectSection(SolutionItems) = preProject
		global.json = global.json
	EndProjectSection
EndProject
Project("{8BB2217D-0F2D-49D1-97BC-3654ED321F3B}") = "MoviesWebApp", "src\MoviesWebApp\MoviesWebApp.xproj", "{FF2C2F7B-6EE4-45DE-9A7A-081ACEDB529F}"
EndProject
Project("{8BB2217D-0F2D-49D1-97BC-3654ED321F3B}") = "MoviesLibrary", "src\MoviesLibrary\MoviesLibrary.xproj", "{F33A974B-D737-42A9-B431-F987A39E2BEE}"
EndProject
Global
	GlobalSection(SolutionConfigurationPlatforms) = preSolution
		Debug|Any CPU = Debug|Any CPU
		Release|Any CPU = Release|Any CPU
	EndGlobalSection
	GlobalSection(ProjectConfigurationPlatforms) = postSolution
		{FF2C2F7B-6EE4-45DE-9A7A-081ACEDB529F}.Debug|Any CPU.ActiveCfg = Debug|Any CPU
		{FF2C2F7B-6EE4-45DE-9A7A-081ACEDB529F}.Debug|Any CPU.Build.0 = Debug|Any CPU
		{FF2C2F7B-6EE4-45DE-9A7A-081ACEDB529F}.Release|Any CPU.ActiveCfg = Release|Any CPU
		{FF2C2F7B-6EE4-45DE-9A7A-081ACEDB529F}.Release|Any CPU.Build.0 = Release|Any CPU
		{F33A974B-D737-42A9-B431-F987A39E2BEE}.Debug|Any CPU.ActiveCfg = Debug|Any CPU
		{F33A974B-D737-42A9-B431-F987A39E2BEE}.Debug|Any CPU.Build.0 = Debug|Any CPU
		{F33A974B-D737-42A9-B431-F987A39E2BEE}.Release|Any CPU.ActiveCfg = Release|Any CPU
		{F33A974B-D737-42A9-B431-F987A39E2BEE}.Release|Any CPU.Build.0 = Release|Any CPU
	EndGlobalSection
	GlobalSection(SolutionProperties) = preSolution
		HideSolutionNode = FALSE
	EndGlobalSection
	GlobalSection(NestedProjects) = preSolution
		{FF2C2F7B-6EE4-45DE-9A7A-081ACEDB529F} = {8716CA66-C7DF-4840-9522-763A2FFC97B7}
		{F33A974B-D737-42A9-B431-F987A39E2BEE} = {8716CA66-C7DF-4840-9522-763A2FFC97B7}
	EndGlobalSection
EndGlobal
